// !$*UTF8*$!
{
	archiveVersion = 1;
	classes = {
	};
	objectVersion = 46;
	objects = {

/* Begin PBXBuildFile section */
		95D467041BFA9312000BD128 /* main.m in Sources */ = {isa = PBXBuildFile; fileRef = 95D467031BFA9312000BD128 /* main.m */; };
		95D467071BFA9312000BD128 /* AppDelegate.m in Sources */ = {isa = PBXBuildFile; fileRef = 95D467061BFA9312000BD128 /* AppDelegate.m */; };
		95D4670A1BFA9312000BD128 /* ViewController.m in Sources */ = {isa = PBXBuildFile; fileRef = 95D467091BFA9312000BD128 /* ViewController.m */; };
		95D4670D1BFA9312000BD128 /* Main.storyboard in Resources */ = {isa = PBXBuildFile; fileRef = 95D4670B1BFA9312000BD128 /* Main.storyboard */; };
		95D4670F1BFA9312000BD128 /* Assets.xcassets in Resources */ = {isa = PBXBuildFile; fileRef = 95D4670E1BFA9312000BD128 /* Assets.xcassets */; };
		95D467121BFA9312000BD128 /* LaunchScreen.storyboard in Resources */ = {isa = PBXBuildFile; fileRef = 95D467101BFA9312000BD128 /* LaunchScreen.storyboard */; };
		95D4671D1BFA9312000BD128 /* AlcolatorTests.m in Sources */ = {isa = PBXBuildFile; fileRef = 95D4671C1BFA9312000BD128 /* AlcolatorTests.m */; };
		95D467281BFA9312000BD128 /* AlcolatorUITests.m in Sources */ = {isa = PBXBuildFile; fileRef = 95D467271BFA9312000BD128 /* AlcolatorUITests.m */; };
/* End PBXBuildFile section */

/* Begin PBXContainerItemProxy section */
		95D467191BFA9312000BD128 /* PBXContainerItemProxy */ = {
			isa = PBXContainerItemProxy;
			containerPortal = 95D466F71BFA9312000BD128 /* Project object */;
			proxyType = 1;
			remoteGlobalIDString = 95D466FE1BFA9312000BD128;
			remoteInfo = Alcolator;
		};
		95D467241BFA9312000BD128 /* PBXContainerItemProxy */ = {
			isa = PBXContainerItemProxy;
			containerPortal = 95D466F71BFA9312000BD128 /* Project object */;
			proxyType = 1;
			remoteGlobalIDString = 95D466FE1BFA9312000BD128;
			remoteInfo = Alcolator;
		};
/* End PBXContainerItemProxy section */

/* Begin PBXFileReference section */
		95D466FF1BFA9312000BD128 /* Alcolator.app */ = {isa = PBXFileReference; explicitFileType = wrapper.application; includeInIndex = 0; path = Alcolator.app; sourceTree = BUILT_PRODUCTS_DIR; };
		95D467031BFA9312000BD128 /* main.m */ = {isa = PBXFileReference; lastKnownFileType = sourcecode.c.objc; path = main.m; sourceTree = "<group>"; };
		95D467051BFA9312000BD128 /* AppDelegate.h */ = {isa = PBXFileReference; lastKnownFileType = sourcecode.c.h; path = AppDelegate.h; sourceTree = "<group>"; };
		95D467061BFA9312000BD128 /* AppDelegate.m */ = {isa = PBXFileReference; lastKnownFileType = sourcecode.c.objc; path = AppDelegate.m; sourceTree = "<group>"; };
		95D467081BFA9312000BD128 /* ViewController.h */ = {isa = PBXFileReference; lastKnownFileType = sourcecode.c.h; path = ViewController.h; sourceTree = "<group>"; };
		95D467091BFA9312000BD128 /* ViewController.m */ = {isa = PBXFileReference; lastKnownFileType = sourcecode.c.objc; path = ViewController.m; sourceTree = "<group>"; };
		95D4670C1BFA9312000BD128 /* Base */ = {isa = PBXFileReference; lastKnownFileType = file.storyboard; name = Base; path = Base.lproj/Main.storyboard; sourceTree = "<group>"; };
		95D4670E1BFA9312000BD128 /* Assets.xcassets */ = {isa = PBXFileReference; lastKnownFileType = folder.assetcatalog; path = Assets.xcassets; sourceTree = "<group>"; };
		95D467111BFA9312000BD128 /* Base */ = {isa = PBXFileReference; lastKnownFileType = file.storyboard; name = Base; path = Base.lproj/LaunchScreen.storyboard; sourceTree = "<group>"; };
		95D467131BFA9312000BD128 /* Info.plist */ = {isa = PBXFileReference; lastKnownFileType = text.plist.xml; path = Info.plist; sourceTree = "<group>"; };
		95D467181BFA9312000BD128 /* AlcolatorTests.xctest */ = {isa = PBXFileReference; explicitFileType = wrapper.cfbundle; includeInIndex = 0; path = AlcolatorTests.xctest; sourceTree = BUILT_PRODUCTS_DIR; };
		95D4671C1BFA9312000BD128 /* AlcolatorTests.m */ = {isa = PBXFileReference; lastKnownFileType = sourcecode.c.objc; path = AlcolatorTests.m; sourceTree = "<group>"; };
		95D4671E1BFA9312000BD128 /* Info.plist */ = {isa = PBXFileReference; lastKnownFileType = text.plist.xml; path = Info.plist; sourceTree = "<group>"; };
		95D467231BFA9312000BD128 /* AlcolatorUITests.xctest */ = {isa = PBXFileReference; explicitFileType = wrapper.cfbundle; includeInIndex = 0; path = AlcolatorUITests.xctest; sourceTree = BUILT_PRODUCTS_DIR; };
		95D467271BFA9312000BD128 /* AlcolatorUITests.m */ = {isa = PBXFileReference; lastKnownFileType = sourcecode.c.objc; path = AlcolatorUITests.m; sourceTree = "<group>"; };
		95D467291BFA9312000BD128 /* Info.plist */ = {isa = PBXFileReference; lastKnownFileType = text.plist.xml; path = Info.plist; sourceTree = "<group>"; };
/* End PBXFileReference section */

/* Begin PBXFrameworksBuildPhase section */
		95D466FC1BFA9312000BD128 /* Frameworks */ = {
			isa = PBXFrameworksBuildPhase;
			buildActionMask = 2147483647;
			files = (
			);
			runOnlyForDeploymentPostprocessing = 0;
		};
		95D467151BFA9312000BD128 /* Frameworks */ = {
			isa = PBXFrameworksBuildPhase;
			buildActionMask = 2147483647;
			files = (
			);
			runOnlyForDeploymentPostprocessing = 0;
		};
		95D467201BFA9312000BD128 /* Frameworks */ = {
			isa = PBXFrameworksBuildPhase;
			buildActionMask = 2147483647;
			files = (
			);
			runOnlyForDeploymentPostprocessing = 0;
		};
/* End PBXFrameworksBuildPhase section */

/* Begin PBXGroup section */
		95D466F61BFA9312000BD128 = {
			isa = PBXGroup;
			children = (
				95D467011BFA9312000BD128 /* Alcolator */,
				95D4671B1BFA9312000BD128 /* AlcolatorTests */,
				95D467261BFA9312000BD128 /* AlcolatorUITests */,
				95D467001BFA9312000BD128 /* Products */,
			);
			sourceTree = "<group>";
		};
		95D467001BFA9312000BD128 /* Products */ = {
			isa = PBXGroup;
			children = (
				95D466FF1BFA9312000BD128 /* Alcolator.app */,
				95D467181BFA9312000BD128 /* AlcolatorTests.xctest */,
				95D467231BFA9312000BD128 /* AlcolatorUITests.xctest */,
			);
			name = Products;
			sourceTree = "<group>";
		};
		95D467011BFA9312000BD128 /* Alcolator */ = {
			isa = PBXGroup;
			children = (
				95D467051BFA9312000BD128 /* AppDelegate.h */,
				95D467061BFA9312000BD128 /* AppDelegate.m */,
				95D467081BFA9312000BD128 /* ViewController.h */,
				95D467091BFA9312000BD128 /* ViewController.m */,
				95D4670B1BFA9312000BD128 /* Main.storyboard */,
				95D4670E1BFA9312000BD128 /* Assets.xcassets */,
				95D467101BFA9312000BD128 /* LaunchScreen.storyboard */,
				95D467131BFA9312000BD128 /* Info.plist */,
				95D467021BFA9312000BD128 /* Supporting Files */,
			);
			path = Alcolator;
			sourceTree = "<group>";
		};
		95D467021BFA9312000BD128 /* Supporting Files */ = {
			isa = PBXGroup;
			children = (
				95D467031BFA9312000BD128 /* main.m */,
			);
			name = "Supporting Files";
			sourceTree = "<group>";
		};
		95D4671B1BFA9312000BD128 /* AlcolatorTests */ = {
			isa = PBXGroup;
			children = (
				95D4671C1BFA9312000BD128 /* AlcolatorTests.m */,
				95D4671E1BFA9312000BD128 /* Info.plist */,
			);
			path = AlcolatorTests;
			sourceTree = "<group>";
		};
		95D467261BFA9312000BD128 /* AlcolatorUITests */ = {
			isa = PBXGroup;
			children = (
				95D467271BFA9312000BD128 /* AlcolatorUITests.m */,
				95D467291BFA9312000BD128 /* Info.plist */,
			);
			path = AlcolatorUITests;
			sourceTree = "<group>";
		};
/* End PBXGroup section */

/* Begin PBXNativeTarget section */
		95D466FE1BFA9312000BD128 /* Alcolator */ = {
			isa = PBXNativeTarget;
			buildConfigurationList = 95D4672C1BFA9312000BD128 /* Build configuration list for PBXNativeTarget "Alcolator" */;
			buildPhases = (
				95D466FB1BFA9312000BD128 /* Sources */,
				95D466FC1BFA9312000BD128 /* Frameworks */,
				95D466FD1BFA9312000BD128 /* Resources */,
			);
			buildRules = (
			);
			dependencies = (
			);
			name = Alcolator;
			productName = Alcolator;
			productReference = 95D466FF1BFA9312000BD128 /* Alcolator.app */;
			productType = "com.apple.product-type.application";
		};
		95D467171BFA9312000BD128 /* AlcolatorTests */ = {
			isa = PBXNativeTarget;
			buildConfigurationList = 95D4672F1BFA9312000BD128 /* Build configuration list for PBXNativeTarget "AlcolatorTests" */;
			buildPhases = (
				95D467141BFA9312000BD128 /* Sources */,
				95D467151BFA9312000BD128 /* Frameworks */,
				95D467161BFA9312000BD128 /* Resources */,
			);
			buildRules = (
			);
			dependencies = (
				95D4671A1BFA9312000BD128 /* PBXTargetDependency */,
			);
			name = AlcolatorTests;
			productName = AlcolatorTests;
			productReference = 95D467181BFA9312000BD128 /* AlcolatorTests.xctest */;
			productType = "com.apple.product-type.bundle.unit-test";
		};
		95D467221BFA9312000BD128 /* AlcolatorUITests */ = {
			isa = PBXNativeTarget;
			buildConfigurationList = 95D467321BFA9312000BD128 /* Build configuration list for PBXNativeTarget "AlcolatorUITests" */;
			buildPhases = (
				95D4671F1BFA9312000BD128 /* Sources */,
				95D467201BFA9312000BD128 /* Frameworks */,
				95D467211BFA9312000BD128 /* Resources */,
			);
			buildRules = (
			);
			dependencies = (
				95D467251BFA9312000BD128 /* PBXTargetDependency */,
			);
			name = AlcolatorUITests;
			productName = AlcolatorUITests;
			productReference = 95D467231BFA9312000BD128 /* AlcolatorUITests.xctest */;
			productType = "com.apple.product-type.bundle.ui-testing";
		};
/* End PBXNativeTarget section */

/* Begin PBXProject section */
		95D466F71BFA9312000BD128 /* Project object */ = {
			isa = PBXProject;
			attributes = {
				LastUpgradeCheck = 0700;
				ORGANIZATIONNAME = Bloc;
				TargetAttributes = {
					95D466FE1BFA9312000BD128 = {
						CreatedOnToolsVersion = 7.0.1;
						DevelopmentTeam = DEFPEAED4F;
					};
					95D467171BFA9312000BD128 = {
						CreatedOnToolsVersion = 7.0.1;
						DevelopmentTeam = DEFPEAED4F;
						TestTargetID = 95D466FE1BFA9312000BD128;
					};
					95D467221BFA9312000BD128 = {
						CreatedOnToolsVersion = 7.0.1;
						DevelopmentTeam = DEFPEAED4F;
						TestTargetID = 95D466FE1BFA9312000BD128;
					};
				};
			};
			buildConfigurationList = 95D466FA1BFA9312000BD128 /* Build configuration list for PBXProject "Alcolator" */;
			compatibilityVersion = "Xcode 3.2";
			developmentRegion = English;
			hasScannedForEncodings = 0;
			knownRegions = (
				en,
				Base,
			);
			mainGroup = 95D466F61BFA9312000BD128;
			productRefGroup = 95D467001BFA9312000BD128 /* Products */;
			projectDirPath = "";
			projectRoot = "";
			targets = (
				95D466FE1BFA9312000BD128 /* Alcolator */,
				95D467171BFA9312000BD128 /* AlcolatorTests */,
				95D467221BFA9312000BD128 /* AlcolatorUITests */,
			);
		};
/* End PBXProject section */

/* Begin PBXResourcesBuildPhase section */
		95D466FD1BFA9312000BD128 /* Resources */ = {
			isa = PBXResourcesBuildPhase;
			buildActionMask = 2147483647;
			files = (
				95D467121BFA9312000BD128 /* LaunchScreen.storyboard in Resources */,
				95D4670F1BFA9312000BD128 /* Assets.xcassets in Resources */,
				95D4670D1BFA9312000BD128 /* Main.storyboard in Resources */,
			);
			runOnlyForDeploymentPostprocessing = 0;
		};
		95D467161BFA9312000BD128 /* Resources */ = {
			isa = PBXResourcesBuildPhase;
			buildActionMask = 2147483647;
			files = (
			);
			runOnlyForDeploymentPostprocessing = 0;
		};
		95D467211BFA9312000BD128 /* Resources */ = {
			isa = PBXResourcesBuildPhase;
			buildActionMask = 2147483647;
			files = (
			);
			runOnlyForDeploymentPostprocessing = 0;
		};
/* End PBXResourcesBuildPhase section */

/* Begin PBXSourcesBuildPhase section */
		95D466FB1BFA9312000BD128 /* Sources */ = {
			isa = PBXSourcesBuildPhase;
			buildActionMask = 2147483647;
			files = (
				95D4670A1BFA9312000BD128 /* ViewController.m in Sources */,
				95D467071BFA9312000BD128 /* AppDelegate.m in Sources */,
				95D467041BFA9312000BD128 /* main.m in Sources */,
			);
			runOnlyForDeploymentPostprocessing = 0;
		};
		95D467141BFA9312000BD128 /* Sources */ = {
			isa = PBXSourcesBuildPhase;
			buildActionMask = 2147483647;
			files = (
				95D4671D1BFA9312000BD128 /* AlcolatorTests.m in Sources */,
			);
			runOnlyForDeploymentPostprocessing = 0;
		};
		95D4671F1BFA9312000BD128 /* Sources */ = {
			isa = PBXSourcesBuildPhase;
			buildActionMask = 2147483647;
			files = (
				95D467281BFA9312000BD128 /* AlcolatorUITests.m in Sources */,
			);
			runOnlyForDeploymentPostprocessing = 0;
		};
/* End PBXSourcesBuildPhase section */

/* Begin PBXTargetDependency section */
		95D4671A1BFA9312000BD128 /* PBXTargetDependency */ = {
			isa = PBXTargetDependency;
			target = 95D466FE1BFA9312000BD128 /* Alcolator */;
			targetProxy = 95D467191BFA9312000BD128 /* PBXContainerItemProxy */;
		};
		95D467251BFA9312000BD128 /* PBXTargetDependency */ = {
			isa = PBXTargetDependency;
			target = 95D466FE1BFA9312000BD128 /* Alcolator */;
			targetProxy = 95D467241BFA9312000BD128 /* PBXContainerItemProxy */;
		};
/* End PBXTargetDependency section */

/* Begin PBXVariantGroup section */
		95D4670B1BFA9312000BD128 /* Main.storyboard */ = {
			isa = PBXVariantGroup;
			children = (
				95D4670C1BFA9312000BD128 /* Base */,
			);
			name = Main.storyboard;
			sourceTree = "<group>";
		};
		95D467101BFA9312000BD128 /* LaunchScreen.storyboard */ = {
			isa = PBXVariantGroup;
			children = (
				95D467111BFA9312000BD128 /* Base */,
			);
			name = LaunchScreen.storyboard;
			sourceTree = "<group>";
		};
/* End PBXVariantGroup section */

/* Begin XCBuildConfiguration section */
		95D4672A1BFA9312000BD128 /* Debug */ = {
			isa = XCBuildConfiguration;
			buildSettings = {
				ALWAYS_SEARCH_USER_PATHS = NO;
				CLANG_CXX_LANGUAGE_STANDARD = "gnu++0x";
				CLANG_CXX_LIBRARY = "libc++";
				CLANG_ENABLE_MODULES = YES;
				CLANG_ENABLE_OBJC_ARC = YES;
				CLANG_WARN_BOOL_CONVERSION = YES;
				CLANG_WARN_CONSTANT_CONVERSION = YES;
				CLANG_WARN_DIRECT_OBJC_ISA_USAGE = YES_ERROR;
				CLANG_WARN_EMPTY_BODY = YES;
				CLANG_WARN_ENUM_CONVERSION = YES;
				CLANG_WARN_INT_CONVERSION = YES;
				CLANG_WARN_OBJC_ROOT_CLASS = YES_ERROR;
				CLANG_WARN_UNREACHABLE_CODE = YES;
				CLANG_WARN__DUPLICATE_METHOD_MATCH = YES;
				"CODE_SIGN_IDENTITY[sdk=iphoneos*]" = "iPhone Developer";
				COPY_PHASE_STRIP = NO;
				DEBUG_INFORMATION_FORMAT = dwarf;
				ENABLE_STRICT_OBJC_MSGSEND = YES;
				ENABLE_TESTABILITY = YES;
				GCC_C_LANGUAGE_STANDARD = gnu99;
				GCC_DYNAMIC_NO_PIC = NO;
				GCC_NO_COMMON_BLOCKS = YES;
				GCC_OPTIMIZATION_LEVEL = 0;
				GCC_PREPROCESSOR_DEFINITIONS = (
					"DEBUG=1",
					"$(inherited)",
				);
				GCC_WARN_64_TO_32_BIT_CONVERSION = YES;
				GCC_WARN_ABOUT_RETURN_TYPE = YES_ERROR;
				GCC_WARN_UNDECLARED_SELECTOR = YES;
				GCC_WARN_UNINITIALIZED_AUTOS = YES_AGGRESSIVE;
				GCC_WARN_UNUSED_FUNCTION = YES;
				GCC_WARN_UNUSED_VARIABLE = YES;
				IPHONEOS_DEPLOYMENT_TARGET = 9.0;
				MTL_ENABLE_DEBUG_INFO = YES;
				ONLY_ACTIVE_ARCH = YES;
				SDKROOT = iphoneos;
				TARGETED_DEVICE_FAMILY = "1,2";
			};
			name = Debug;
		};
		95D4672B1BFA9312000BD128 /* Release */ = {
			isa = XCBuildConfiguration;
			buildSettings = {
				ALWAYS_SEARCH_USER_PATHS = NO;
				CLANG_CXX_LANGUAGE_STANDARD = "gnu++0x";
				CLANG_CXX_LIBRARY = "libc++";
				CLANG_ENABLE_MODULES = YES;
				CLANG_ENABLE_OBJC_ARC = YES;
				CLANG_WARN_BOOL_CONVERSION = YES;
				CLANG_WARN_CONSTANT_CONVERSION = YES;
				CLANG_WARN_DIRECT_OBJC_ISA_USAGE = YES_ERROR;
				CLANG_WARN_EMPTY_BODY = YES;
				CLANG_WARN_ENUM_CONVERSION = YES;
				CLANG_WARN_INT_CONVERSION = YES;
				CLANG_WARN_OBJC_ROOT_CLASS = YES_ERROR;
				CLANG_WARN_UNREACHABLE_CODE = YES;
				CLANG_WARN__DUPLICATE_METHOD_MATCH = YES;
				"CODE_SIGN_IDENTITY[sdk=iphoneos*]" = "iPhone Developer";
				COPY_PHASE_STRIP = NO;
				DEBUG_INFORMATION_FORMAT = "dwarf-with-dsym";
				ENABLE_NS_ASSERTIONS = NO;
				ENABLE_STRICT_OBJC_MSGSEND = YES;
				GCC_C_LANGUAGE_STANDARD = gnu99;
				GCC_NO_COMMON_BLOCKS = YES;
				GCC_WARN_64_TO_32_BIT_CONVERSION = YES;
				GCC_WARN_ABOUT_RETURN_TYPE = YES_ERROR;
				GCC_WARN_UNDECLARED_SELECTOR = YES;
				GCC_WARN_UNINITIALIZED_AUTOS = YES_AGGRESSIVE;
				GCC_WARN_UNUSED_FUNCTION = YES;
				GCC_WARN_UNUSED_VARIABLE = YES;
				IPHONEOS_DEPLOYMENT_TARGET = 9.0;
				MTL_ENABLE_DEBUG_INFO = NO;
				SDKROOT = iphoneos;
				TARGETED_DEVICE_FAMILY = "1,2";
				VALIDATE_PRODUCT = YES;
			};
			name = Release;
		};
		95D4672D1BFA9312000BD128 /* Debug */ = {
			isa = XCBuildConfiguration;
			buildSettings = {
				ASSETCATALOG_COMPILER_APPICON_NAME = AppIcon;
				INFOPLIST_FILE = Alcolator/Info.plist;
				LD_RUNPATH_SEARCH_PATHS = "$(inherited) @executable_path/Frameworks";
				PRODUCT_BUNDLE_IDENTIFIER = io.Bloc.Alcolator;
				PRODUCT_NAME = "$(TARGET_NAME)";
			};
			name = Debug;
		};
		95D4672E1BFA9312000BD128 /* Release */ = {
			isa = XCBuildConfiguration;
			buildSettings = {
				ASSETCATALOG_COMPILER_APPICON_NAME = AppIcon;
				INFOPLIST_FILE = Alcolator/Info.plist;
				LD_RUNPATH_SEARCH_PATHS = "$(inherited) @executable_path/Frameworks";
				PRODUCT_BUNDLE_IDENTIFIER = io.Bloc.Alcolator;
				PRODUCT_NAME = "$(TARGET_NAME)";
			};
			name = Release;
		};
		95D467301BFA9312000BD128 /* Debug */ = {
			isa = XCBuildConfiguration;
			buildSettings = {
				BUNDLE_LOADER = "$(TEST_HOST)";
				INFOPLIST_FILE = AlcolatorTests/Info.plist;
				LD_RUNPATH_SEARCH_PATHS = "$(inherited) @executable_path/Frameworks @loader_path/Frameworks";
				PRODUCT_BUNDLE_IDENTIFIER = io.Bloc.AlcolatorTests;
				PRODUCT_NAME = "$(TARGET_NAME)";
				TEST_HOST = "$(BUILT_PRODUCTS_DIR)/Alcolator.app/Alcolator";
			};
			name = Debug;
		};
		95D467311BFA9312000BD128 /* Release */ = {
			isa = XCBuildConfiguration;
			buildSettings = {
				BUNDLE_LOADER = "$(TEST_HOST)";
				INFOPLIST_FILE = AlcolatorTests/Info.plist;
				LD_RUNPATH_SEARCH_PATHS = "$(inherited) @executable_path/Frameworks @loader_path/Frameworks";
				PRODUCT_BUNDLE_IDENTIFIER = io.Bloc.AlcolatorTests;
				PRODUCT_NAME = "$(TARGET_NAME)";
				TEST_HOST = "$(BUILT_PRODUCTS_DIR)/Alcolator.app/Alcolator";
			};
			name = Release;
		};
		95D467331BFA9312000BD128 /* Debug */ = {
			isa = XCBuildConfiguration;
			buildSettings = {
				INFOPLIST_FILE = AlcolatorUITests/Info.plist;
				LD_RUNPATH_SEARCH_PATHS = "$(inherited) @executable_path/Frameworks @loader_path/Frameworks";
				PRODUCT_BUNDLE_IDENTIFIER = io.Bloc.AlcolatorUITests;
				PRODUCT_NAME = "$(TARGET_NAME)";
				TEST_TARGET_NAME = Alcolator;
				USES_XCTRUNNER = YES;
			};
			name = Debug;
		};
		95D467341BFA9312000BD128 /* Release */ = {
			isa = XCBuildConfiguration;
			buildSettings = {
				INFOPLIST_FILE = AlcolatorUITests/Info.plist;
				LD_RUNPATH_SEARCH_PATHS = "$(inherited) @executable_path/Frameworks @loader_path/Frameworks";
				PRODUCT_BUNDLE_IDENTIFIER = io.Bloc.AlcolatorUITests;
				PRODUCT_NAME = "$(TARGET_NAME)";
				TEST_TARGET_NAME = Alcolator;
				USES_XCTRUNNER = YES;
			};
			name = Release;
		};
/* End XCBuildConfiguration section */

/* Begin XCConfigurationList section */
		95D466FA1BFA9312000BD128 /* Build configuration list for PBXProject "Alcolator" */ = {
			isa = XCConfigurationList;
			buildConfigurations = (
				95D4672A1BFA9312000BD128 /* Debug */,
				95D4672B1BFA9312000BD128 /* Release */,
			);
			defaultConfigurationIsVisible = 0;
			defaultConfigurationName = Release;
		};
		95D4672C1BFA9312000BD128 /* Build configuration list for PBXNativeTarget "Alcolator" */ = {
			isa = XCConfigurationList;
			buildConfigurations = (
				95D4672D1BFA9312000BD128 /* Debug */,
				95D4672E1BFA9312000BD128 /* Release */,
			);
			defaultConfigurationIsVisible = 0;
		};
		95D4672F1BFA9312000BD128 /* Build configuration list for PBXNativeTarget "AlcolatorTests" */ = {
			isa = XCConfigurationList;
			buildConfigurations = (
				95D467301BFA9312000BD128 /* Debug */,
				95D467311BFA9312000BD128 /* Release */,
			);
			defaultConfigurationIsVisible = 0;
		};
		95D467321BFA9312000BD128 /* Build configuration list for PBXNativeTarget "AlcolatorUITests" */ = {
			isa = XCConfigurationList;
			buildConfigurations = (
				95D467331BFA9312000BD128 /* Debug */,
				95D467341BFA9312000BD128 /* Release */,
			);
			defaultConfigurationIsVisible = 0;
		};
/* End XCConfigurationList section */
	};
	rootObject = 95D466F71BFA9312000BD128 /* Project object */;
}
